
Microsoft Visual Studio Solution File, Format Version 11.00
# Visual Studio 2010
Project("{FAE04EC0-301F-11D3-BF4B-00C04F79EFBC}") = "TheStartingPoint", "TheStartingPoint\TheStartingPoint.csproj", "{B29370F5-2B63-4F88-B900-8306E6CF3FA4}"
EndProject
Project("{FAE04EC0-301F-11D3-BF4B-00C04F79EFBC}") = "TheStartingPoint.Tests", "TheStartingPoint.Tests\TheStartingPoint.Tests.csproj", "{7C2D4970-83D1-4CE5-8531-750E34634784}"
EndProject
Global
	GlobalSection(SolutionConfigurationPlatforms) = preSolution
		Debug|Any CPU = Debug|Any CPU
		Release|Any CPU = Release|Any CPU
	EndGlobalSection
	GlobalSection(ProjectConfigurationPlatforms) = postSolution
		{B29370F5-2B63-4F88-B900-8306E6CF3FA4}.Debug|Any CPU.ActiveCfg = Debug|Any CPU
		{B29370F5-2B63-4F88-B900-8306E6CF3FA4}.Debug|Any CPU.Build.0 = Debug|Any CPU
		{B29370F5-2B63-4F88-B900-8306E6CF3FA4}.Release|Any CPU.ActiveCfg = Release|Any CPU
		{B29370F5-2B63-4F88-B900-8306E6CF3FA4}.Release|Any CPU.Build.0 = Release|Any CPU
		{7C2D4970-83D1-4CE5-8531-750E34634784}.Debug|Any CPU.ActiveCfg = Debug|Any CPU
		{7C2D4970-83D1-4CE5-8531-750E34634784}.Debug|Any CPU.Build.0 = Debug|Any CPU
		{7C2D4970-83D1-4CE5-8531-750E34634784}.Release|Any CPU.ActiveCfg = Release|Any CPU
		{7C2D4970-83D1-4CE5-8531-750E34634784}.Release|Any CPU.Build.0 = Release|Any CPU
	EndGlobalSection
	GlobalSection(SolutionProperties) = preSolution
		HideSolutionNode = FALSE
	EndGlobalSection
EndGlobal
